
Microsoft Visual Studio Solution File, Format Version 12.00
# Visual Studio 15
VisualStudioVersion = 15.0.28010.2048
MinimumVisualStudioVersion = 10.0.40219.1
Project("{FAE04EC0-301F-11D3-BF4B-00C04F79EFBC}") = "SportStore.WebUI", "SportStore.WebUI\SportStore.WebUI.csproj", "{AECED187-0D4E-4F9E-92F5-5FA7F07FDDC4}"
EndProject
Project("{FAE04EC0-301F-11D3-BF4B-00C04F79EFBC}") = "SportStore.UnitTests", "SportStore.UnitTests\SportStore.UnitTests.csproj", "{B8D585EE-32E1-4536-B97B-BACF07B3BE6A}"
EndProject
Project("{FAE04EC0-301F-11D3-BF4B-00C04F79EFBC}") = "SportStore.Domain", "SportStore.Domain\SportStore.Domain.csproj", "{B414C086-40CA-4055-AEE6-EDF90DC1F64D}"
EndProject
Global
	GlobalSection(SolutionConfigurationPlatforms) = preSolution
		Debug|Any CPU = Debug|Any CPU
		Release|Any CPU = Release|Any CPU
	EndGlobalSection
	GlobalSection(ProjectConfigurationPlatforms) = postSolution
		{AECED187-0D4E-4F9E-92F5-5FA7F07FDDC4}.Debug|Any CPU.ActiveCfg = Debug|Any CPU
		{AECED187-0D4E-4F9E-92F5-5FA7F07FDDC4}.Debug|Any CPU.Build.0 = Debug|Any CPU
		{AECED187-0D4E-4F9E-92F5-5FA7F07FDDC4}.Release|Any CPU.ActiveCfg = Release|Any CPU
		{AECED187-0D4E-4F9E-92F5-5FA7F07FDDC4}.Release|Any CPU.Build.0 = Release|Any CPU
		{B8D585EE-32E1-4536-B97B-BACF07B3BE6A}.Debug|Any CPU.ActiveCfg = Debug|Any CPU
		{B8D585EE-32E1-4536-B97B-BACF07B3BE6A}.Debug|Any CPU.Build.0 = Debug|Any CPU
		{B8D585EE-32E1-4536-B97B-BACF07B3BE6A}.Release|Any CPU.ActiveCfg = Release|Any CPU
		{B8D585EE-32E1-4536-B97B-BACF07B3BE6A}.Release|Any CPU.Build.0 = Release|Any CPU
		{B414C086-40CA-4055-AEE6-EDF90DC1F64D}.Debug|Any CPU.ActiveCfg = Debug|Any CPU
		{B414C086-40CA-4055-AEE6-EDF90DC1F64D}.Debug|Any CPU.Build.0 = Debug|Any CPU
		{B414C086-40CA-4055-AEE6-EDF90DC1F64D}.Release|Any CPU.ActiveCfg = Release|Any CPU
		{B414C086-40CA-4055-AEE6-EDF90DC1F64D}.Release|Any CPU.Build.0 = Release|Any CPU
	EndGlobalSection
	GlobalSection(SolutionProperties) = preSolution
		HideSolutionNode = FALSE
	EndGlobalSection
	GlobalSection(ExtensibilityGlobals) = postSolution
		SolutionGuid = {2B6CAE1E-15ED-47D0-B036-F0CE2A00E2C6}
	EndGlobalSection
EndGlobal
